
Microsoft Visual Studio Solution File, Format Version 12.00
# Visual Studio Version 16
VisualStudioVersion = 16.0.30011.22
MinimumVisualStudioVersion = 10.0.40219.1
Project("{9A19103F-16F7-4668-BE54-9A1E7A4F7556}") = "Berries.Excel.Test", "Berries.Excel.Test\Berries.Excel.Test.csproj", "{4703654A-178D-4F36-8E3C-E1EA82B87849}"
EndProject
Project("{9A19103F-16F7-4668-BE54-9A1E7A4F7556}") = "Berries.Excel", "Berries.Excel\Berries.Excel.csproj", "{BEAE621C-4A17-4EB2-83E2-8CC9B3CF38F1}"
EndProject
Global
	GlobalSection(SolutionConfigurationPlatforms) = preSolution
		Debug|Any CPU = Debug|Any CPU
		Release|Any CPU = Release|Any CPU
	EndGlobalSection
	GlobalSection(ProjectConfigurationPlatforms) = postSolution
		{4703654A-178D-4F36-8E3C-E1EA82B87849}.Debug|Any CPU.ActiveCfg = Debug|Any CPU
		{4703654A-178D-4F36-8E3C-E1EA82B87849}.Debug|Any CPU.Build.0 = Debug|Any CPU
		{4703654A-178D-4F36-8E3C-E1EA82B87849}.Release|Any CPU.ActiveCfg = Release|Any CPU
		{4703654A-178D-4F36-8E3C-E1EA82B87849}.Release|Any CPU.Build.0 = Release|Any CPU
		{BEAE621C-4A17-4EB2-83E2-8CC9B3CF38F1}.Debug|Any CPU.ActiveCfg = Debug|Any CPU
		{BEAE621C-4A17-4EB2-83E2-8CC9B3CF38F1}.Debug|Any CPU.Build.0 = Debug|Any CPU
		{BEAE621C-4A17-4EB2-83E2-8CC9B3CF38F1}.Release|Any CPU.ActiveCfg = Release|Any CPU
		{BEAE621C-4A17-4EB2-83E2-8CC9B3CF38F1}.Release|Any CPU.Build.0 = Release|Any CPU
	EndGlobalSection
	GlobalSection(SolutionProperties) = preSolution
		HideSolutionNode = FALSE
	EndGlobalSection
	GlobalSection(ExtensibilityGlobals) = postSolution
		SolutionGuid = {799C7B9B-359E-43BE-A1A9-54C9B34E05BE}
	EndGlobalSection
EndGlobal
